# THIS IS AN AUTOGENERATED FILE. DO NOT EDIT THIS FILE DIRECTLY.
# yarn lockfile v1


xterm@^4.3.0:
  version "4.3.0"
  resolved "https://registry.yarnpkg.com/xterm/-/xterm-4.3.0.tgz#9a302efefe75172d4f7ea3afc20f9bd983f05027"
  integrity sha512-6dnrC4nxgnRKQzIWwC5HA0mnT9/rpDPZflUIr24gdcdSMTKM1QQcor4qQ/xz4Zerz6AIL/CuuBPypFfzsB63dQ==
